// !$*UTF8*$!
{
	archiveVersion = 1;
	classes = {
	};
	objectVersion = 46;
	objects = {

/* Begin PBXBuildFile section */
		F4D01ACB19C4AB1D001C6CAC /* AppDelegate.swift in Sources */ = {isa = PBXBuildFile; fileRef = F4D01ACA19C4AB1D001C6CAC /* AppDelegate.swift */; };
		F4D01ACD19C4AB1D001C6CAC /* ViewController.swift in Sources */ = {isa = PBXBuildFile; fileRef = F4D01ACC19C4AB1D001C6CAC /* ViewController.swift */; };
		F4D01AD019C4AB1D001C6CAC /* Main.storyboard in Resources */ = {isa = PBXBuildFile; fileRef = F4D01ACE19C4AB1D001C6CAC /* Main.storyboard */; };
		F4D01AD219C4AB1D001C6CAC /* Images.xcassets in Resources */ = {isa = PBXBuildFile; fileRef = F4D01AD119C4AB1D001C6CAC /* Images.xcassets */; };
		F4D01AD519C4AB1D001C6CAC /* LaunchScreen.xib in Resources */ = {isa = PBXBuildFile; fileRef = F4D01AD319C4AB1D001C6CAC /* LaunchScreen.xib */; };
		F4D01AE119C4AB1D001C6CAC /* PostcardTests.swift in Sources */ = {isa = PBXBuildFile; fileRef = F4D01AE019C4AB1D001C6CAC /* PostcardTests.swift */; };
/* End PBXBuildFile section */

/* Begin PBXContainerItemProxy section */
		F4D01ADB19C4AB1D001C6CAC /* PBXContainerItemProxy */ = {
			isa = PBXContainerItemProxy;
			containerPortal = F4D01ABD19C4AB1D001C6CAC /* Project object */;
			proxyType = 1;
			remoteGlobalIDString = F4D01AC419C4AB1D001C6CAC;
			remoteInfo = Postcard;
		};
/* End PBXContainerItemProxy section */

/* Begin PBXFileReference section */
		F4D01AC519C4AB1D001C6CAC /* Postcard.app */ = {isa = PBXFileReference; explicitFileType = wrapper.application; includeInIndex = 0; path = Postcard.app; sourceTree = BUILT_PRODUCTS_DIR; };
		F4D01AC919C4AB1D001C6CAC /* Info.plist */ = {isa = PBXFileReference; lastKnownFileType = text.plist.xml; path = Info.plist; sourceTree = "<group>"; };
		F4D01ACA19C4AB1D001C6CAC /* AppDelegate.swift */ = {isa = PBXFileReference; lastKnownFileType = sourcecode.swift; path = AppDelegate.swift; sourceTree = "<group>"; };
		F4D01ACC19C4AB1D001C6CAC /* ViewController.swift */ = {isa = PBXFileReference; lastKnownFileType = sourcecode.swift; path = ViewController.swift; sourceTree = "<group>"; };
		F4D01ACF19C4AB1D001C6CAC /* Base */ = {isa = PBXFileReference; lastKnownFileType = file.storyboard; name = Base; path = Base.lproj/Main.storyboard; sourceTree = "<group>"; };
		F4D01AD119C4AB1D001C6CAC /* Images.xcassets */ = {isa = PBXFileReference; lastKnownFileType = folder.assetcatalog; path = Images.xcassets; sourceTree = "<group>"; };
		F4D01AD419C4AB1D001C6CAC /* Base */ = {isa = PBXFileReference; lastKnownFileType = file.xib; name = Base; path = Base.lproj/LaunchScreen.xib; sourceTree = "<group>"; };
		F4D01ADA19C4AB1D001C6CAC /* PostcardTests.xctest */ = {isa = PBXFileReference; explicitFileType = wrapper.cfbundle; includeInIndex = 0; path = PostcardTests.xctest; sourceTree = BUILT_PRODUCTS_DIR; };
		F4D01ADF19C4AB1D001C6CAC /* Info.plist */ = {isa = PBXFileReference; lastKnownFileType = text.plist.xml; path = Info.plist; sourceTree = "<group>"; };
		F4D01AE019C4AB1D001C6CAC /* PostcardTests.swift */ = {isa = PBXFileReference; lastKnownFileType = sourcecode.swift; path = PostcardTests.swift; sourceTree = "<group>"; };
/* End PBXFileReference section */

/* Begin PBXFrameworksBuildPhase section */
		F4D01AC219C4AB1D001C6CAC /* Frameworks */ = {
			isa = PBXFrameworksBuildPhase;
			buildActionMask = 2147483647;
			files = (
			);
			runOnlyForDeploymentPostprocessing = 0;
		};
		F4D01AD719C4AB1D001C6CAC /* Frameworks */ = {
			isa = PBXFrameworksBuildPhase;
			buildActionMask = 2147483647;
			files = (
			);
			runOnlyForDeploymentPostprocessing = 0;
		};
/* End PBXFrameworksBuildPhase section */

/* Begin PBXGroup section */
		F4D01ABC19C4AB1D001C6CAC = {
			isa = PBXGroup;
			children = (
				F4D01AC719C4AB1D001C6CAC /* Postcard */,
				F4D01ADD19C4AB1D001C6CAC /* PostcardTests */,
				F4D01AC619C4AB1D001C6CAC /* Products */,
			);
			sourceTree = "<group>";
		};
		F4D01AC619C4AB1D001C6CAC /* Products */ = {
			isa = PBXGroup;
			children = (
				F4D01AC519C4AB1D001C6CAC /* Postcard.app */,
				F4D01ADA19C4AB1D001C6CAC /* PostcardTests.xctest */,
			);
			name = Products;
			sourceTree = "<group>";
		};
		F4D01AC719C4AB1D001C6CAC /* Postcard */ = {
			isa = PBXGroup;
			children = (
				F4D01ACA19C4AB1D001C6CAC /* AppDelegate.swift */,
				F4D01ACC19C4AB1D001C6CAC /* ViewController.swift */,
				F4D01ACE19C4AB1D001C6CAC /* Main.storyboard */,
				F4D01AD119C4AB1D001C6CAC /* Images.xcassets */,
				F4D01AD319C4AB1D001C6CAC /* LaunchScreen.xib */,
				F4D01AC819C4AB1D001C6CAC /* Supporting Files */,
			);
			path = Postcard;
			sourceTree = "<group>";
		};
		F4D01AC819C4AB1D001C6CAC /* Supporting Files */ = {
			isa = PBXGroup;
			children = (
				F4D01AC919C4AB1D001C6CAC /* Info.plist */,
			);
			name = "Supporting Files";
			sourceTree = "<group>";
		};
		F4D01ADD19C4AB1D001C6CAC /* PostcardTests */ = {
			isa = PBXGroup;
			children = (
				F4D01AE019C4AB1D001C6CAC /* PostcardTests.swift */,
				F4D01ADE19C4AB1D001C6CAC /* Supporting Files */,
			);
			path = PostcardTests;
			sourceTree = "<group>";
		};
		F4D01ADE19C4AB1D001C6CAC /* Supporting Files */ = {
			isa = PBXGroup;
			children = (
				F4D01ADF19C4AB1D001C6CAC /* Info.plist */,
			);
			name = "Supporting Files";
			sourceTree = "<group>";
		};
/* End PBXGroup section */

/* Begin PBXNativeTarget section */
		F4D01AC419C4AB1D001C6CAC /* Postcard */ = {
			isa = PBXNativeTarget;
			buildConfigurationList = F4D01AE419C4AB1D001C6CAC /* Build configuration list for PBXNativeTarget "Postcard" */;
			buildPhases = (
				F4D01AC119C4AB1D001C6CAC /* Sources */,
				F4D01AC219C4AB1D001C6CAC /* Frameworks */,
				F4D01AC319C4AB1D001C6CAC /* Resources */,
			);
			buildRules = (
			);
			dependencies = (
			);
			name = Postcard;
			productName = Postcard;
			productReference = F4D01AC519C4AB1D001C6CAC /* Postcard.app */;
			productType = "com.apple.product-type.application";
		};
		F4D01AD919C4AB1D001C6CAC /* PostcardTests */ = {
			isa = PBXNativeTarget;
			buildConfigurationList = F4D01AE719C4AB1D001C6CAC /* Build configuration list for PBXNativeTarget "PostcardTests" */;
			buildPhases = (
				F4D01AD619C4AB1D001C6CAC /* Sources */,
				F4D01AD719C4AB1D001C6CAC /* Frameworks */,
				F4D01AD819C4AB1D001C6CAC /* Resources */,
			);
			buildRules = (
			);
			dependencies = (
				F4D01ADC19C4AB1D001C6CAC /* PBXTargetDependency */,
			);
			name = PostcardTests;
			productName = PostcardTests;
			productReference = F4D01ADA19C4AB1D001C6CAC /* PostcardTests.xctest */;
			productType = "com.apple.product-type.bundle.unit-test";
		};
/* End PBXNativeTarget section */

/* Begin PBXProject section */
		F4D01ABD19C4AB1D001C6CAC /* Project object */ = {
			isa = PBXProject;
			attributes = {
				LastUpgradeCheck = 0600;
				ORGANIZATIONNAME = "Red Chief";
				TargetAttributes = {
					F4D01AC419C4AB1D001C6CAC = {
						CreatedOnToolsVersion = 6.0;
					};
					F4D01AD919C4AB1D001C6CAC = {
						CreatedOnToolsVersion = 6.0;
						TestTargetID = F4D01AC419C4AB1D001C6CAC;
					};
				};
			};
			buildConfigurationList = F4D01AC019C4AB1D001C6CAC /* Build configuration list for PBXProject "Postcard" */;
			compatibilityVersion = "Xcode 3.2";
			developmentRegion = English;
			hasScannedForEncodings = 0;
			knownRegions = (
				en,
				Base,
			);
			mainGroup = F4D01ABC19C4AB1D001C6CAC;
			productRefGroup = F4D01AC619C4AB1D001C6CAC /* Products */;
			projectDirPath = "";
			projectRoot = "";
			targets = (
				F4D01AC419C4AB1D001C6CAC /* Postcard */,
				F4D01AD919C4AB1D001C6CAC /* PostcardTests */,
			);
		};
/* End PBXProject section */

/* Begin PBXResourcesBuildPhase section */
		F4D01AC319C4AB1D001C6CAC /* Resources */ = {
			isa = PBXResourcesBuildPhase;
			buildActionMask = 2147483647;
			files = (
				F4D01AD019C4AB1D001C6CAC /* Main.storyboard in Resources */,
				F4D01AD519C4AB1D001C6CAC /* LaunchScreen.xib in Resources */,
				F4D01AD219C4AB1D001C6CAC /* Images.xcassets in Resources */,
			);
			runOnlyForDeploymentPostprocessing = 0;
		};
		F4D01AD819C4AB1D001C6CAC /* Resources */ = {
			isa = PBXResourcesBuildPhase;
			buildActionMask = 2147483647;
			files = (
			);
			runOnlyForDeploymentPostprocessing = 0;
		};
/* End PBXResourcesBuildPhase section */

/* Begin PBXSourcesBuildPhase section */
		F4D01AC119C4AB1D001C6CAC /* Sources */ = {
			isa = PBXSourcesBuildPhase;
			buildActionMask = 2147483647;
			files = (
				F4D01ACD19C4AB1D001C6CAC /* ViewController.swift in Sources */,
				F4D01ACB19C4AB1D001C6CAC /* AppDelegate.swift in Sources */,
			);
			runOnlyForDeploymentPostprocessing = 0;
		};
		F4D01AD619C4AB1D001C6CAC /* Sources */ = {
			isa = PBXSourcesBuildPhase;
			buildActionMask = 2147483647;
			files = (
				F4D01AE119C4AB1D001C6CAC /* PostcardTests.swift in Sources */,
			);
			runOnlyForDeploymentPostprocessing = 0;
		};
/* End PBXSourcesBuildPhase section */

/* Begin PBXTargetDependency section */
		F4D01ADC19C4AB1D001C6CAC /* PBXTargetDependency */ = {
			isa = PBXTargetDependency;
			target = F4D01AC419C4AB1D001C6CAC /* Postcard */;
			targetProxy = F4D01ADB19C4AB1D001C6CAC /* PBXContainerItemProxy */;
		};
/* End PBXTargetDependency section */

/* Begin PBXVariantGroup section */
		F4D01ACE19C4AB1D001C6CAC /* Main.storyboard */ = {
			isa = PBXVariantGroup;
			children = (
				F4D01ACF19C4AB1D001C6CAC /* Base */,
			);
			name = Main.storyboard;
			sourceTree = "<group>";
		};
		F4D01AD319C4AB1D001C6CAC /* LaunchScreen.xib */ = {
			isa = PBXVariantGroup;
			children = (
				F4D01AD419C4AB1D001C6CAC /* Base */,
			);
			name = LaunchScreen.xib;
			sourceTree = "<group>";
		};
/* End PBXVariantGroup section */

/* Begin XCBuildConfiguration section */
		F4D01AE219C4AB1D001C6CAC /* Debug */ = {
			isa = XCBuildConfiguration;
			buildSettings = {
				ALWAYS_SEARCH_USER_PATHS = NO;
				CLANG_CXX_LANGUAGE_STANDARD = "gnu++0x";
				CLANG_CXX_LIBRARY = "libc++";
				CLANG_ENABLE_MODULES = YES;
				CLANG_ENABLE_OBJC_ARC = YES;
				CLANG_WARN_BOOL_CONVERSION = YES;
				CLANG_WARN_CONSTANT_CONVERSION = YES;
				CLANG_WARN_DIRECT_OBJC_ISA_USAGE = YES_ERROR;
				CLANG_WARN_EMPTY_BODY = YES;
				CLANG_WARN_ENUM_CONVERSION = YES;
				CLANG_WARN_INT_CONVERSION = YES;
				CLANG_WARN_OBJC_ROOT_CLASS = YES_ERROR;
				CLANG_WARN_UNREACHABLE_CODE = YES;
				CLANG_WARN__DUPLICATE_METHOD_MATCH = YES;
				"CODE_SIGN_IDENTITY[sdk=iphoneos*]" = "iPhone Developer";
				COPY_PHASE_STRIP = NO;
				ENABLE_STRICT_OBJC_MSGSEND = YES;
				GCC_C_LANGUAGE_STANDARD = gnu99;
				GCC_DYNAMIC_NO_PIC = NO;
				GCC_OPTIMIZATION_LEVEL = 0;
				GCC_PREPROCESSOR_DEFINITIONS = (
					"DEBUG=1",
					"$(inherited)",
				);
				GCC_SYMBOLS_PRIVATE_EXTERN = NO;
				GCC_WARN_64_TO_32_BIT_CONVERSION = YES;
				GCC_WARN_ABOUT_RETURN_TYPE = YES_ERROR;
				GCC_WARN_UNDECLARED_SELECTOR = YES;
				GCC_WARN_UNINITIALIZED_AUTOS = YES_AGGRESSIVE;
				GCC_WARN_UNUSED_FUNCTION = YES;
				GCC_WARN_UNUSED_VARIABLE = YES;
				IPHONEOS_DEPLOYMENT_TARGET = 8.0;
				MTL_ENABLE_DEBUG_INFO = YES;
				ONLY_ACTIVE_ARCH = YES;
				SDKROOT = iphoneos;
				SWIFT_OPTIMIZATION_LEVEL = "-Onone";
			};
			name = Debug;
		};
		F4D01AE319C4AB1D001C6CAC /* Release */ = {
			isa = XCBuildConfiguration;
			buildSettings = {
				ALWAYS_SEARCH_USER_PATHS = NO;
				CLANG_CXX_LANGUAGE_STANDARD = "gnu++0x";
				CLANG_CXX_LIBRARY = "libc++";
				CLANG_ENABLE_MODULES = YES;
				CLANG_ENABLE_OBJC_ARC = YES;
				CLANG_WARN_BOOL_CONVERSION = YES;
				CLANG_WARN_CONSTANT_CONVERSION = YES;
				CLANG_WARN_DIRECT_OBJC_ISA_USAGE = YES_ERROR;
				CLANG_WARN_EMPTY_BODY = YES;
				CLANG_WARN_ENUM_CONVERSION = YES;
				CLANG_WARN_INT_CONVERSION = YES;
				CLANG_WARN_OBJC_ROOT_CLASS = YES_ERROR;
				CLANG_WARN_UNREACHABLE_CODE = YES;
				CLANG_WARN__DUPLICATE_METHOD_MATCH = YES;
				"CODE_SIGN_IDENTITY[sdk=iphoneos*]" = "iPhone Developer";
				COPY_PHASE_STRIP = YES;
				ENABLE_NS_ASSERTIONS = NO;
				ENABLE_STRICT_OBJC_MSGSEND = YES;
				GCC_C_LANGUAGE_STANDARD = gnu99;
				GCC_WARN_64_TO_32_BIT_CONVERSION = YES;
				GCC_WARN_ABOUT_RETURN_TYPE = YES_ERROR;
				GCC_WARN_UNDECLARED_SELECTOR = YES;
				GCC_WARN_UNINITIALIZED_AUTOS = YES_AGGRESSIVE;
				GCC_WARN_UNUSED_FUNCTION = YES;
				GCC_WARN_UNUSED_VARIABLE = YES;
				IPHONEOS_DEPLOYMENT_TARGET = 8.0;
				MTL_ENABLE_DEBUG_INFO = NO;
				SDKROOT = iphoneos;
				VALIDATE_PRODUCT = YES;
			};
			name = Release;
		};
		F4D01AE519C4AB1D001C6CAC /* Debug */ = {
			isa = XCBuildConfiguration;
			buildSettings = {
				ASSETCATALOG_COMPILER_APPICON_NAME = AppIcon;
				INFOPLIST_FILE = Postcard/Info.plist;
				LD_RUNPATH_SEARCH_PATHS = "$(inherited) @executable_path/Frameworks";
				PRODUCT_NAME = "$(TARGET_NAME)";
			};
			name = Debug;
		};
		F4D01AE619C4AB1D001C6CAC /* Release */ = {
			isa = XCBuildConfiguration;
			buildSettings = {
				ASSETCATALOG_COMPILER_APPICON_NAME = AppIcon;
				INFOPLIST_FILE = Postcard/Info.plist;
				LD_RUNPATH_SEARCH_PATHS = "$(inherited) @executable_path/Frameworks";
				PRODUCT_NAME = "$(TARGET_NAME)";
			};
			name = Release;
		};
		F4D01AE819C4AB1D001C6CAC /* Debug */ = {
			isa = XCBuildConfiguration;
			buildSettings = {
				BUNDLE_LOADER = "$(TEST_HOST)";
				FRAMEWORK_SEARCH_PATHS = (
					"$(SDKROOT)/Developer/Library/Frameworks",
					"$(inherited)",
				);
				GCC_PREPROCESSOR_DEFINITIONS = (
					"DEBUG=1",
					"$(inherited)",
				);
				INFOPLIST_FILE = PostcardTests/Info.plist;
				LD_RUNPATH_SEARCH_PATHS = "$(inherited) @executable_path/Frameworks @loader_path/Frameworks";
				PRODUCT_NAME = "$(TARGET_NAME)";
				TEST_HOST = "$(BUILT_PRODUCTS_DIR)/Postcard.app/Postcard";
			};
			name = Debug;
		};
		F4D01AE919C4AB1D001C6CAC /* Release */ = {
			isa = XCBuildConfiguration;
			buildSettings = {
				BUNDLE_LOADER = "$(TEST_HOST)";
				FRAMEWORK_SEARCH_PATHS = (
					"$(SDKROOT)/Developer/Library/Frameworks",
					"$(inherited)",
				);
				INFOPLIST_FILE = PostcardTests/Info.plist;
				LD_RUNPATH_SEARCH_PATHS = "$(inherited) @executable_path/Frameworks @loader_path/Frameworks";
				PRODUCT_NAME = "$(TARGET_NAME)";
				TEST_HOST = "$(BUILT_PRODUCTS_DIR)/Postcard.app/Postcard";
			};
			name = Release;
		};
/* End XCBuildConfiguration section */

/* Begin XCConfigurationList section */
		F4D01AC019C4AB1D001C6CAC /* Build configuration list for PBXProject "Postcard" */ = {
			isa = XCConfigurationList;
			buildConfigurations = (
				F4D01AE219C4AB1D001C6CAC /* Debug */,
				F4D01AE319C4AB1D001C6CAC /* Release */,
			);
			defaultConfigurationIsVisible = 0;
			defaultConfigurationName = Release;
		};
		F4D01AE419C4AB1D001C6CAC /* Build configuration list for PBXNativeTarget "Postcard" */ = {
			isa = XCConfigurationList;
			buildConfigurations = (
				F4D01AE519C4AB1D001C6CAC /* Debug */,
				F4D01AE619C4AB1D001C6CAC /* Release */,
			);
			defaultConfigurationIsVisible = 0;
		};
		F4D01AE719C4AB1D001C6CAC /* Build configuration list for PBXNativeTarget "PostcardTests" */ = {
			isa = XCConfigurationList;
			buildConfigurations = (
				F4D01AE819C4AB1D001C6CAC /* Debug */,
				F4D01AE919C4AB1D001C6CAC /* Release */,
			);
			defaultConfigurationIsVisible = 0;
		};
/* End XCConfigurationList section */
	};
	rootObject = F4D01ABD19C4AB1D001C6CAC /* Project object */;
}
